# THIS IS AN AUTOGENERATED FILE. DO NOT EDIT THIS FILE DIRECTLY.
# yarn lockfile v1


"@ledgerhq/devices@^8.0.1":
  version "8.0.1"
  resolved "https://registry.yarnpkg.com/@ledgerhq/devices/-/devices-8.0.1.tgz#4c475f6ae249daf00ef08f5098924206233f3179"
  integrity sha512-8uuyR8DGowYBLatur+MyJtRJ8RYDWSFFqGnNmgBBdlRG6VPf9vjhrFZlmYqukWesPwkZNZstP475W4TS+j6EFw==
  dependencies:
    "@ledgerhq/errors" "^6.12.4"
    "@ledgerhq/logs" "^6.10.1"
    rxjs "6"
    semver "^7.3.5"

"@ledgerhq/errors@^6.12.4":
  version "6.12.4"
  resolved "https://registry.yarnpkg.com/@ledgerhq/errors/-/errors-6.12.4.tgz#1c2f75dc3dee91b069f3446be484fa28676d1b45"
  integrity sha512-qi5poMrcIuFuivdzRjjQsNp7rRwUA5v3eo6D4yEy+l+w8wT4d4JtQ5u1TbrlGfFHfgLq7Lv6dsvh2ooLyWTyfg==

"@ledgerhq/hw-transport-node-hid-noevents@^6.27.13":
  version "6.27.13"
  resolved "https://registry.yarnpkg.com/@ledgerhq/hw-transport-node-hid-noevents/-/hw-transport-node-hid-noevents-6.27.13.tgz#96f3667a18ea3602160af5d08db677ae0b8e3bb7"
  integrity sha512-Lq85zoc95eb5npudlgTARVrB57jbk8oZ8KuyVOovNm1AjR0OrYfl0iCqw49h+SL/UFWWVyBisLg6IOYCpj1SNQ==
  dependencies:
    "@ledgerhq/devices" "^8.0.1"
    "@ledgerhq/errors" "^6.12.4"
    "@ledgerhq/hw-transport" "^6.28.2"
    "@ledgerhq/logs" "^6.10.1"
    node-hid "^2.1.2"

"@ledgerhq/hw-transport-node-hid@6.27.13":
  version "6.27.13"
  resolved "https://registry.yarnpkg.com/@ledgerhq/hw-transport-node-hid/-/hw-transport-node-hid-6.27.13.tgz#741644d7b8761f682b36eda36e1bf7876357efda"
  integrity sha512-j4c1UOMylX9cE9ebTh+qqMfzZDJpK8WZ7/kalxdY/MHWQcO+F2XAMvEqdZOaMjSIhI0vbgL/OoEvO2nxGFhObA==
  dependencies:
    "@ledgerhq/devices" "^8.0.1"
    "@ledgerhq/errors" "^6.12.4"
    "@ledgerhq/hw-transport" "^6.28.2"
    "@ledgerhq/hw-transport-node-hid-noevents" "^6.27.13"
    "@ledgerhq/logs" "^6.10.1"
    lodash "^4.17.21"
    node-hid "^2.1.2"
    usb "^1.7.0"

"@ledgerhq/hw-transport@^6.28.2":
  version "6.28.2"
  resolved "https://registry.yarnpkg.com/@ledgerhq/hw-transport/-/hw-transport-6.28.2.tgz#483f9a39403ee63b03d452e30bfe8189dcca5785"
  integrity sha512-2LxQdZnhSzu394brKuUZIWfuT2YAyNI3glRMf8+yHx3wUFqi10v8NzII99SHDyT8tN3Ovzmq+hbGHvrR2PqYRA==
  dependencies:
    "@ledgerhq/devices" "^8.0.1"
    "@ledgerhq/errors" "^6.12.4"
    events "^3.3.0"

"@ledgerhq/logs@^6.10.1":
  version "6.10.1"
  resolved "https://registry.yarnpkg.com/@ledgerhq/logs/-/logs-6.10.1.tgz#5bd16082261d7364eabb511c788f00937dac588d"
  integrity sha512-z+ILK8Q3y+nfUl43ctCPuR4Y2bIxk/ooCQFwZxhtci1EhAtMDzMAx2W25qx8G1PPL9UUOdnUax19+F0OjXoj4w==

"@noble/hashes@1.1.5", "@noble/hashes@^1.1.2", "@noble/hashes@~1.1.1", "@noble/hashes@~1.1.3":
  version "1.1.5"
  resolved "https://registry.yarnpkg.com/@noble/hashes/-/hashes-1.1.5.tgz#1a0377f3b9020efe2fae03290bd2a12140c95c11"
  integrity sha512-LTMZiiLc+V4v1Yi16TD6aX2gmtKszNye0pQgbaLqkvhIqP7nVsSaJsWloGQjJfJ8offaoP5GtX3yY5swbcJxxQ==

"@noble/secp256k1@1.7.1":
  version "1.7.1"
  resolved "https://registry.yarnpkg.com/@noble/secp256k1/-/secp256k1-1.7.1.tgz#b251c70f824ce3ca7f8dc3df08d58f005cc0507c"
  integrity sha512-hOUk6AyBFmqVrv7k5WAw/LpszxVbj9gGN4JRkIX52fdFAj1UA61KXmZDvqVEm+pOyec3+fIeZB02LYa/pWOArw==

"@noble/secp256k1@^1.6.3", "@noble/secp256k1@~1.7.0":
  version "1.7.0"
  resolved "https://registry.yarnpkg.com/@noble/secp256k1/-/secp256k1-1.7.0.tgz#d15357f7c227e751d90aa06b05a0e5cf993ba8c1"
  integrity sha512-kbacwGSsH/CTout0ZnZWxnW1B+jH/7r/WAAKLBtrRJ/+CUH7lgmQzl3GTrQua3SGKWNSDsS6lmjnDpIJ5Dxyaw==

"@scure/base@1.1.1", "@scure/base@~1.1.0":
  version "1.1.1"
  resolved "https://registry.yarnpkg.com/@scure/base/-/base-1.1.1.tgz#ebb651ee52ff84f420097055f4bf46cfba403938"
  integrity sha512-ZxOhsSyxYwLJj3pLZCefNitxsj093tb2vq90mp2txoYeBqbcjDjqFhyM8eUjq/uFm6zJ+mUuqxlS2FkuSY1MTA==

"@scure/bip32@1.1.3":
  version "1.1.3"
  resolved "https://registry.yarnpkg.com/@scure/bip32/-/bip32-1.1.3.tgz#c92ebf476f7bdaf8db01b459e3144179642ba37e"
  integrity sha512-dSH3+LCWONlSNQuF34xZrG6Xas7tp2jSSqHb/pMfXWM0vKE4JZOtK3uJfoWouUVW5IGlls75HkXmYLldZ8ySgQ==
  dependencies:
    "@noble/hashes" "~1.1.3"
    "@noble/secp256k1" "~1.7.0"
    "@scure/base" "~1.1.0"

"@scure/bip39@1.1.0":
  version "1.1.0"
  resolved "https://registry.yarnpkg.com/@scure/bip39/-/bip39-1.1.0.tgz#92f11d095bae025f166bef3defcc5bf4945d419a"
  integrity sha512-pwrPOS16VeTKg98dYXQyIjJEcWfz7/1YJIwxUEPFfQPtc86Ym/1sVgQ2RLoD43AazMk2l/unK4ITySSpW2+82w==
  dependencies:
    "@noble/hashes" "~1.1.1"
    "@scure/base" "~1.1.0"

"@stacks/auth@^6.3.0":
  version "6.3.0"
  resolved "https://registry.yarnpkg.com/@stacks/auth/-/auth-6.3.0.tgz#2fe970dc5cffe3ee4cdac98bfa28f1cd58d2ea4d"
  integrity sha512-FwBxzwXYS0UFd0LPeDlHfNw8UqJHJQoG41mCkSXva8Y1/9WK0dOGzq0T5Bdn+Gf34ee0Kp91OF68qoWVDhgdqQ==
  dependencies:
    "@stacks/common" "^6.0.0"
    "@stacks/encryption" "^6.3.0"
    "@stacks/network" "^6.3.0"
    "@stacks/profile" "^6.3.0"
    cross-fetch "^3.1.5"
    jsontokens "^4.0.1"

"@stacks/common@^6.0.0":
  version "6.0.0"
  resolved "https://registry.yarnpkg.com/@stacks/common/-/common-6.0.0.tgz#ce80a11ca5d16db8276891db3ecc8e4f2eb1b43a"
  integrity sha512-tETwccvbYvaZ7u3ZucWNMOIPN97r6IPeZXKIFhLc1KSVaWSGEPTtZcwVp+Rz3mu2XgI2pg37SUrOWXSL7OOkDw==
  dependencies:
    "@types/bn.js" "^5.1.0"
    "@types/node" "^18.0.4"

"@stacks/encryption@^6.3.0", "@stacks/encryption@^6.5.0":
  version "6.5.0"
  resolved "https://registry.yarnpkg.com/@stacks/encryption/-/encryption-6.5.0.tgz#826851979b1ccc5491a0907e30e2b7e22621436a"
  integrity sha512-QE1+gy1x6spGkpK5PnZxKoX1hL8eeIYxYa5HNMl4cbdIVKaFgqjoGFKMtTA/tQMc91T/saXLqbQLyh/U4AVpTA==
  dependencies:
    "@noble/hashes" "1.1.5"
    "@noble/secp256k1" "1.7.1"
    "@scure/bip39" "1.1.0"
    "@stacks/common" "^6.0.0"
    "@types/node" "^18.0.4"
    base64-js "^1.5.1"
    bs58 "^5.0.0"
    ripemd160-min "^0.0.6"
    varuint-bitcoin "^1.1.2"

"@stacks/network@6.3.0", "@stacks/network@^6.3.0":
  version "6.3.0"
  resolved "https://registry.yarnpkg.com/@stacks/network/-/network-6.3.0.tgz#6ce412dd06bfa2128b62fe9d8f6bf8518f542953"
  integrity sha512-573ZldQ+Iy0nCCxprXLLvkAo1AMEXncfmMUvqQ+5TN3m7VqCVADtb5G5WzMZsyR4m/k9oPsv076Lmqyl8AtR2A==
  dependencies:
    "@stacks/common" "^6.0.0"
    cross-fetch "^3.1.5"

"@stacks/profile@^6.3.0", "@stacks/profile@^6.5.0":
  version "6.5.0"
  resolved "https://registry.yarnpkg.com/@stacks/profile/-/profile-6.5.0.tgz#3260d03a26a7bbb75a151da8e821c3a5ea414dd5"
  integrity sha512-vN0TJi/Vf/h41KskJhb0I5vf6U4vDxxSfjJBvfF/xnl5xvFVVgN4Ikctf4ftE9LbgWV3/WRNm/xFnvdOCqOPRQ==
  dependencies:
    "@stacks/common" "^6.0.0"
    "@stacks/network" "^6.3.0"
    "@stacks/transactions" "^6.5.0"
    jsontokens "^4.0.1"
    schema-inspector "^2.0.2"
    zone-file "^2.0.0-beta.3"

"@stacks/stacking@6.5.0":
  version "6.5.0"
  resolved "https://registry.yarnpkg.com/@stacks/stacking/-/stacking-6.5.0.tgz#798e9649ae6acf90363d37376685ac2907ed39c4"
  integrity sha512-Kb8FK+NxEFDXP2r9xXGdeR7cZp52Cz5btpW4xKAEM7Ze3QPB6cM8IALvMBh3e53qqw8sO/dpRqcIjrNgLf5gqg==
  dependencies:
    "@scure/base" "1.1.1"
    "@stacks/common" "^6.0.0"
    "@stacks/encryption" "^6.5.0"
    "@stacks/network" "^6.3.0"
    "@stacks/stacks-blockchain-api-types" "^0.61.0"
    "@stacks/transactions" "^6.5.0"
    bs58 "^5.0.0"

"@stacks/stacks-blockchain-api-types@^0.61.0":
  version "0.61.0"
  resolved "https://registry.yarnpkg.com/@stacks/stacks-blockchain-api-types/-/stacks-blockchain-api-types-0.61.0.tgz#f8bc61ad7781fdc0d9e9db711580db984f164e93"
  integrity sha512-yPOfTUboo5eA9BZL/hqMcM71GstrFs9YWzOrJFPeP4cOO1wgYvAcckgBRbgiE3NqeX0A7SLZLDAXLZbATuRq9w==

"@stacks/storage@^6.3.0":
  version "6.3.0"
  resolved "https://registry.yarnpkg.com/@stacks/storage/-/storage-6.3.0.tgz#75a05533562d4ac50c641a6e856d6b8423c94820"
  integrity sha512-faz8sc9aq9g/Hzn0BjBPQ4+gkEBSQwSn67R68GC4K+v4OPrt26WepHbYWdzLwq8BRcnULJfqLK5yksUWYXyAnQ==
  dependencies:
    "@stacks/auth" "^6.3.0"
    "@stacks/common" "^6.0.0"
    "@stacks/encryption" "^6.3.0"
    "@stacks/network" "^6.3.0"
    base64-js "^1.5.1"
    jsontokens "^4.0.1"

"@stacks/transactions@6.5.0", "@stacks/transactions@^6.5.0":
  version "6.5.0"
  resolved "https://registry.yarnpkg.com/@stacks/transactions/-/transactions-6.5.0.tgz#ec6bd94b21fe34683b53af28fcaeaf9cac093bdd"
  integrity sha512-kwE8cZq+QdAum4/LC+lSlAXVvzkdsSHTkCbfg4+VCWPBqA+gdXEqZe6R9SNBtMb8yGQrqUY8uIGRLVCWcXJ8zQ==
  dependencies:
    "@noble/hashes" "1.1.5"
    "@noble/secp256k1" "1.7.1"
    "@stacks/common" "^6.0.0"
    "@stacks/network" "^6.3.0"
    c32check "^2.0.0"
    lodash.clonedeep "^4.5.0"

"@stacks/wallet-sdk@6.5.0":
  version "6.5.0"
  resolved "https://registry.yarnpkg.com/@stacks/wallet-sdk/-/wallet-sdk-6.5.0.tgz#0443274a339e5a1e6caedb233c54e88ad38cb5b0"
  integrity sha512-vwVsvhYdrNbJ/kdlY+GoFT1l7jkrrt5HiPscXhisvOXR7Nz1QbHzyEUIgghqCDEB39kXnqmjvu691jmcZe7hZw==
  dependencies:
    "@scure/bip32" "1.1.3"
    "@scure/bip39" "1.1.0"
    "@stacks/auth" "^6.3.0"
    "@stacks/common" "^6.0.0"
    "@stacks/encryption" "^6.5.0"
    "@stacks/network" "^6.3.0"
    "@stacks/profile" "^6.5.0"
    "@stacks/storage" "^6.3.0"
    "@stacks/transactions" "^6.5.0"
    buffer "^6.0.3"
    c32check "^2.0.0"
    jsontokens "^4.0.1"
    triplesec "^4.0.3"
    zone-file "^2.0.0-beta.3"

"@types/bn.js@^5.1.0":
  version "5.1.1"
  resolved "https://registry.yarnpkg.com/@types/bn.js/-/bn.js-5.1.1.tgz#b51e1b55920a4ca26e9285ff79936bbdec910682"
  integrity sha512-qNrYbZqMx0uJAfKnKclPh+dTwK33KfLHYqtyODwd5HnXOjnkhc4qgn3BrK6RWyGZm5+sIFE7Q7Vz6QQtJB7w7g==
  dependencies:
    "@types/node" "*"

"@types/node@*", "@types/node@^18.0.4":
  version "18.11.15"
  resolved "https://registry.yarnpkg.com/@types/node/-/node-18.11.15.tgz#de0e1fbd2b22b962d45971431e2ae696643d3f5d"
  integrity sha512-VkhBbVo2+2oozlkdHXLrb3zjsRkpdnaU2bXmX8Wgle3PUi569eLRaHGlgETQHR7lLL1w7GiG3h9SnePhxNDecw==

argon2-browser@1.18.0:
  version "1.18.0"
  resolved "https://registry.yarnpkg.com/argon2-browser/-/argon2-browser-1.18.0.tgz#f35820211e0a431aed7f82b9348477234be69bec"
  integrity sha512-ImVAGIItnFnvET1exhsQB7apRztcoC5TnlSqernMJDUjbc/DLq3UEYeXFrLPrlaIl8cVfwnXb6wX2KpFf2zxHw==

async@~2.6.3:
  version "2.6.4"
  resolved "https://registry.yarnpkg.com/async/-/async-2.6.4.tgz#706b7ff6084664cd7eae713f6f965433b5504221"
  integrity sha512-mzo5dfJYwAn29PeiJ0zvwTo04zj8HDJj0Mn8TD7sno7q12prdbnasKJHhkm2c1LgrhlJ0teaea8860oxi51mGA==
  dependencies:
    lodash "^4.17.14"

base-x@^4.0.0:
  version "4.0.0"
  resolved "https://registry.yarnpkg.com/base-x/-/base-x-4.0.0.tgz#d0e3b7753450c73f8ad2389b5c018a4af7b2224a"
  integrity sha512-FuwxlW4H5kh37X/oW59pwTzzTKRzfrrQwhmyspRM7swOEZcHtDZSCt45U6oKgtuFE+WYPblePMVIPR4RZrh/hw==

base64-js@^1.3.1, base64-js@^1.5.1:
  version "1.5.1"
  resolved "https://registry.yarnpkg.com/base64-js/-/base64-js-1.5.1.tgz#1b1b440160a5bf7ad40b650f095963481903930a"
  integrity sha512-AKpaYlHn8t4SVbOHCy+b5+KKgvR4vrsD8vbvrbiQJps7fKDTkjkDry6ji0rUJjC0kzbNePLwzxq8iypo41qeWA==

bindings@^1.5.0:
  version "1.5.0"
  resolved "https://registry.yarnpkg.com/bindings/-/bindings-1.5.0.tgz#10353c9e945334bc0511a6d90b38fbc7c9c504df"
  integrity sha512-p2q/t/mhvuOj/UeLlV6566GD/guowlr0hHxClI0W9m7MWYkL1F0hLo+0Aexs9HSPCtR1SXQ0TD3MMKrXZajbiQ==
  dependencies:
    file-uri-to-path "1.0.0"

"bitcoinjs-lib@npm:noop-package@1.0.0":
  version "1.0.0"
  resolved "https://registry.yarnpkg.com/noop-package/-/noop-package-1.0.0.tgz#825171fc69cc86dcd42c20d156eae57c1abbfa41"
  integrity sha512-xuPHxaC/q+RFCwRyDbQqoc/bgPodoQfMg6lkIeNUI/inqo1gLRw+/DyByjX+0Lm769zvGoglachoHyGatpMmZQ==

bl@^4.0.3:
  version "4.1.0"
  resolved "https://registry.yarnpkg.com/bl/-/bl-4.1.0.tgz#451535264182bec2fbbc83a62ab98cf11d9f7b3a"
  integrity sha512-1W07cM9gS6DcLperZfFSj+bWLtaPGSOHWhPiGzXmvVJbRLdG82sH/Kn8EtW1VqWVA54AKf2h5k5BbnIbwF3h6w==
  dependencies:
    buffer "^5.5.0"
    inherits "^2.0.4"
    readable-stream "^3.4.0"

bs58@^5.0.0:
  version "5.0.0"
  resolved "https://registry.yarnpkg.com/bs58/-/bs58-5.0.0.tgz#865575b4d13c09ea2a84622df6c8cbeb54ffc279"
  integrity sha512-r+ihvQJvahgYT50JD05dyJNKlmmSlMoOGwn1lCcEzanPglg7TxYjioQUYehQ9mAR/+hOSd2jRc/Z2y5UxBymvQ==
  dependencies:
    base-x "^4.0.0"

buffer@^5.5.0:
  version "5.7.1"
  resolved "https://registry.yarnpkg.com/buffer/-/buffer-5.7.1.tgz#ba62e7c13133053582197160851a8f648e99eed0"
  integrity sha512-EHcyIPBQ4BSGlvjB16k5KgAJ27CIsHY/2JBmCRReo48y9rQ3MaUzWX3KVlBa4U7MyX02HdVj0K7C3WaB3ju7FQ==
  dependencies:
    base64-js "^1.3.1"
    ieee754 "^1.1.13"

buffer@^6.0.3:
  version "6.0.3"
  resolved "https://registry.yarnpkg.com/buffer/-/buffer-6.0.3.tgz#2ace578459cc8fbe2a70aaa8f52ee63b6a74c6c6"
  integrity sha512-FTiCpNxtwiZZHEZbcbTIcZjERVICn9yq/pDFkTl95/AxzD1naBctN7YO68riM/gLSDY7sdrMby8hofADYuuqOA==
  dependencies:
    base64-js "^1.3.1"
    ieee754 "^1.2.1"

c32check@^2.0.0:
  version "2.0.0"
  resolved "https://registry.yarnpkg.com/c32check/-/c32check-2.0.0.tgz#b9365618b2fb135c0783d03f00605b7b0f90c659"
  integrity sha512-rpwfAcS/CMqo0oCqDf3r9eeLgScRE3l/xHDCXhM3UyrfvIn7PrLq63uHh7yYbv8NzaZn5MVsVhIRpQ+5GZ5HyA==
  dependencies:
    "@noble/hashes" "^1.1.2"
    base-x "^4.0.0"

chownr@^1.1.1:
  version "1.1.4"
  resolved "https://registry.yarnpkg.com/chownr/-/chownr-1.1.4.tgz#6fc9d7b42d32a583596337666e7d08084da2cc6b"
  integrity sha512-jJ0bqzaylmJtVnNgzTeSOs8DPavpbYgEr/b0YL8/2GO3xJEhInFmhKMUnEJQjZumK7KXGFhUy89PrsJWlakBVg==

cross-fetch@^3.1.5:
  version "3.1.5"
  resolved "https://registry.yarnpkg.com/cross-fetch/-/cross-fetch-3.1.5.tgz#e1389f44d9e7ba767907f7af8454787952ab534f"
  integrity sha512-lvb1SBsI0Z7GDwmuid+mU3kWVBwTVUbe7S0H52yaaAdQOXq2YktTCZdlAcNKFzE6QtRz0snpw9bNiPeOIkkQvw==
  dependencies:
    node-fetch "2.6.7"

decompress-response@^6.0.0:
  version "6.0.0"
  resolved "https://registry.yarnpkg.com/decompress-response/-/decompress-response-6.0.0.tgz#ca387612ddb7e104bd16d85aab00d5ecf09c66fc"
  integrity sha512-aW35yZM6Bb/4oJlZncMH2LCoZtJXTRxES17vE3hoRiowU2kWHaJKFkSBDnDR+cm9J+9QhXmREyIfv0pji9ejCQ==
  dependencies:
    mimic-response "^3.1.0"

deep-extend@^0.6.0:
  version "0.6.0"
  resolved "https://registry.yarnpkg.com/deep-extend/-/deep-extend-0.6.0.tgz#c4fa7c95404a17a9c3e8ca7e1537312b736330ac"
  integrity sha512-LOHxIOaPYdHlJRtCQfDIVZtfw/ufM8+rVj649RIHzcm/vGwQRXFt6OPqIFWsm2XEMrNIEtWR64sY1LEKD2vAOA==

detect-libc@^2.0.0:
  version "2.0.1"
  resolved "https://registry.yarnpkg.com/detect-libc/-/detect-libc-2.0.1.tgz#e1897aa88fa6ad197862937fbc0441ef352ee0cd"
  integrity sha512-463v3ZeIrcWtdgIg6vI6XUncguvr2TnGl4SzDXinkt9mSLpBJKXT3mW6xT3VQdDN11+WVs29pgvivTc4Lp8v+w==

end-of-stream@^1.1.0, end-of-stream@^1.4.1:
  version "1.4.4"
  resolved "https://registry.yarnpkg.com/end-of-stream/-/end-of-stream-1.4.4.tgz#5ae64a5f45057baf3626ec14da0ca5e4b2431eb0"
  integrity sha512-+uw1inIHVPQoaVuHzRyXd21icM+cnt4CzD5rW+NC1wjOUSTOs+Te7FOv7AhN7vS9x/oIyhLP5PR1H+phQAHu5Q==
  dependencies:
    once "^1.4.0"

events@^3.3.0:
  version "3.3.0"
  resolved "https://registry.yarnpkg.com/events/-/events-3.3.0.tgz#31a95ad0a924e2d2c419a813aeb2c4e878ea7400"
  integrity sha512-mQw+2fkQbALzQ7V0MY0IqdnXNOeTtP4r0lN9z7AAawCXgqea7bDii20AYrIBrFd/Hx0M2Ocz6S111CaFkUcb0Q==

expand-template@^2.0.3:
  version "2.0.3"
  resolved "https://registry.yarnpkg.com/expand-template/-/expand-template-2.0.3.tgz#6e14b3fcee0f3a6340ecb57d2e8918692052a47c"
  integrity sha512-XYfuKMvj4O35f/pOXLObndIRvyQ+/+6AhODh+OKWj9S9498pHHn/IMszH+gt0fBCRWMNfk1ZSp5x3AifmnI2vg==

file-uri-to-path@1.0.0:
  version "1.0.0"
  resolved "https://registry.yarnpkg.com/file-uri-to-path/-/file-uri-to-path-1.0.0.tgz#553a7b8446ff6f684359c445f1e37a05dacc33dd"
  integrity sha512-0Zt+s3L7Vf1biwWZ29aARiVYLx7iMGnEUl9x33fbB/j3jR81u/O2LbqK+Bm1CDSNDKVtJ/YjwY7TUd5SkeLQLw==

fs-constants@^1.0.0:
  version "1.0.0"
  resolved "https://registry.yarnpkg.com/fs-constants/-/fs-constants-1.0.0.tgz#6be0de9be998ce16af8afc24497b9ee9b7ccd9ad"
  integrity sha512-y6OAwoSIf7FyjMIv94u+b5rdheZEjzR63GTyZJm5qh4Bi+2YgwLCcI/fPFZkL5PSixOt6ZNKm+w+Hfp/Bciwow==

github-from-package@0.0.0:
  version "0.0.0"
  resolved "https://registry.yarnpkg.com/github-from-package/-/github-from-package-0.0.0.tgz#97fb5d96bfde8973313f20e8288ef9a167fa64ce"
  integrity sha512-SyHy3T1v2NUXn29OsWdxmK6RwHD+vkj3v8en8AOBZ1wBQ/hCAQ5bAQTD02kW4W9tUp/3Qh6J8r9EvntiyCmOOw==

iced-error@>=0.0.9:
  version "0.0.13"
  resolved "https://registry.yarnpkg.com/iced-error/-/iced-error-0.0.13.tgz#a4a8a4f1461a59c7a2a380b4f745ffd80718f08b"
  integrity sha512-yEEaG8QfyyRL0SsbNNDw3rVgTyqwHFMCuV6jDvD43f/2shmdaFXkqvFLGhDlsYNSolzYHwVLM/CrXt9GygYopA==

iced-lock@^1.0.1:
  version "1.1.0"
  resolved "https://registry.yarnpkg.com/iced-lock/-/iced-lock-1.1.0.tgz#6116ef1cab3acd6e6b10893bb27ba622fd3fde72"
  integrity sha512-J9UMVitgTMYrkUil5EB9/Q4BPWiMpFH156yjDlmMoMRKs3s3PnXj/6G0UlzIOGnNi5JVNk/zVYLXVnuo+1QnqQ==
  dependencies:
    iced-runtime "^1.0.0"

iced-runtime@>=0.0.1, iced-runtime@^1.0.0, iced-runtime@^1.0.2:
  version "1.0.4"
  resolved "https://registry.yarnpkg.com/iced-runtime/-/iced-runtime-1.0.4.tgz#e9de26dfe98cd8621201f7f3dfb9f7f09c550990"
  integrity sha512-rgiJXNF6ZgF2Clh/TKUlBDW3q51YPDJUXmxGQXx1b8tbZpVpTn+1RX9q1sjNkujXIIaVxZByQzPHHORg7KV51g==

ieee754@^1.1.13, ieee754@^1.2.1:
  version "1.2.1"
  resolved "https://registry.yarnpkg.com/ieee754/-/ieee754-1.2.1.tgz#8eb7a10a63fff25d15a57b001586d177d1b0d352"
  integrity sha512-dcyqhDvX1C46lXZcVqCpK+FtMRQVdIMN6/Df5js2zouUsqG7I6sFxitIC+7KYK29KdXOLHdu9zL4sFnoVQnqaA==

inherits@^2.0.3, inherits@^2.0.4:
  version "2.0.4"
  resolved "https://registry.yarnpkg.com/inherits/-/inherits-2.0.4.tgz#0fa2c64f932917c3433a0ded55363aae37416b7c"
  integrity sha512-k/vGaX4/Yla3WzyMCvTQOXYeIHvqOKtnqBduzTHpzpQZzAskKMhZ2K+EnBiSM9zGSoIFeMpXKxa4dYeZIQqewQ==

ini@~1.3.0:
  version "1.3.8"
  resolved "https://registry.yarnpkg.com/ini/-/ini-1.3.8.tgz#a29da425b48806f34767a4efce397269af28432c"
  integrity sha512-JV/yugV2uzW5iMRSiZAyDtQd+nxtUnjeLt0acNdw98kKLrvuRVyB80tsREOE7yvGVgalhZ6RNXCmEHkUKBKxew==

jsontokens@^4.0.1:
  version "4.0.1"
  resolved "https://registry.yarnpkg.com/jsontokens/-/jsontokens-4.0.1.tgz#c3edf74a01160b2ca6d62b021b288edd59d1184a"
  integrity sha512-+MO415LEN6M+3FGsRz4wU20g7N2JA+2j9d9+pGaNJHviG4L8N0qzavGyENw6fJqsq9CcrHOIL6iWX5yeTZ86+Q==
  dependencies:
    "@noble/hashes" "^1.1.2"
    "@noble/secp256k1" "^1.6.3"
    base64-js "^1.5.1"

lodash.clonedeep@^4.5.0:
  version "4.5.0"
  resolved "https://registry.yarnpkg.com/lodash.clonedeep/-/lodash.clonedeep-4.5.0.tgz#e23f3f9c4f8fbdde872529c1071857a086e5ccef"
  integrity sha512-H5ZhCF25riFd9uB5UCkVKo61m3S/xZk1x4wA6yp/L3RFP6Z/eHH1ymQcGLo7J3GMPfm0V/7m1tryHuGVxpqEBQ==

lodash@^4.17.14, lodash@^4.17.21:
  version "4.17.21"
  resolved "https://registry.yarnpkg.com/lodash/-/lodash-4.17.21.tgz#679591c564c3bffaae8454cf0b3df370c3d6911c"
  integrity sha512-v2kDEe57lecTulaDIuNTPy3Ry4gLGJ6Z1O3vE1krgXZNrsQ+LFTGHVxVjcXPs17LhbZVGedAJv8XZ1tvj5FvSg==

lru-cache@^6.0.0:
  version "6.0.0"
  resolved "https://registry.yarnpkg.com/lru-cache/-/lru-cache-6.0.0.tgz#6d6fe6570ebd96aaf90fcad1dafa3b2566db3a94"
  integrity sha512-Jo6dJ04CmSjuznwJSS3pUeWmd/H0ffTlkXXgwZi+eq1UCmqQwCh+eLsYOYCwY991i2Fah4h1BEMCx4qThGbsiA==
  dependencies:
    yallist "^4.0.0"

mimic-response@^3.1.0:
  version "3.1.0"
  resolved "https://registry.yarnpkg.com/mimic-response/-/mimic-response-3.1.0.tgz#2d1d59af9c1b129815accc2c46a022a5ce1fa3c9"
  integrity sha512-z0yWI+4FDrrweS8Zmt4Ej5HdJmky15+L2e6Wgn3+iK5fWzb6T3fhNFq2+MeTRb064c6Wr4N/wv0DzQTjNzHNGQ==

minimist@^1.2.0, minimist@^1.2.3:
  version "1.2.7"
  resolved "https://registry.yarnpkg.com/minimist/-/minimist-1.2.7.tgz#daa1c4d91f507390437c6a8bc01078e7000c4d18"
  integrity sha512-bzfL1YUZsP41gmu/qjrEk0Q6i2ix/cVeAhbCbqH9u3zYutS1cLg00qhrD0M2MVdCcx4Sc0UpP2eBWo9rotpq6g==

mkdirp-classic@^0.5.2, mkdirp-classic@^0.5.3:
  version "0.5.3"
  resolved "https://registry.yarnpkg.com/mkdirp-classic/-/mkdirp-classic-0.5.3.tgz#fa10c9115cc6d8865be221ba47ee9bed78601113"
  integrity sha512-gKLcREMhtuZRwRAfqP3RFW+TK4JqApVBtOIftVgjuABpAtpxhPGaDcfvbhNvD0B8iD1oUr/txX35NjcaY6Ns/A==

more-entropy@>=0.0.7:
  version "0.0.7"
  resolved "https://registry.yarnpkg.com/more-entropy/-/more-entropy-0.0.7.tgz#67bfc6f7a86f26fbc37aac83fd46d88c61d109b5"
  integrity sha512-e0TxQtU1F6/ZA8WnEA2JLQwwDqBTtZFLJSW7rWgUsQou35wx1IOL0g2O7q7oGoMgIJto+jHMnNGHLfSiylHRrw==
  dependencies:
    iced-runtime ">=0.0.1"

napi-build-utils@^1.0.1:
  version "1.0.2"
  resolved "https://registry.yarnpkg.com/napi-build-utils/-/napi-build-utils-1.0.2.tgz#b1fddc0b2c46e380a0b7a76f984dd47c41a13806"
  integrity sha512-ONmRUqK7zj7DWX0D9ADe03wbwOBZxNAfF20PlGfCWQcD3+/MakShIHrMqx9YwPTfxDdF1zLeL+RGZiR9kGMLdg==

node-abi@^3.3.0:
  version "3.30.0"
  resolved "https://registry.yarnpkg.com/node-abi/-/node-abi-3.30.0.tgz#d84687ad5d24ca81cdfa912a36f2c5c19b137359"
  integrity sha512-qWO5l3SCqbwQavymOmtTVuCWZE23++S+rxyoHjXqUmPyzRcaoI4lA2gO55/drddGnedAyjA7sk76SfQ5lfUMnw==
  dependencies:
    semver "^7.3.5"

node-addon-api@^3.0.2:
  version "3.2.1"
  resolved "https://registry.yarnpkg.com/node-addon-api/-/node-addon-api-3.2.1.tgz#81325e0a2117789c0128dab65e7e38f07ceba161"
  integrity sha512-mmcei9JghVNDYydghQmeDX8KoAm0FAiYyIcUt/N4nhyAipB17pllZQDOJD2fotxABnt4Mdz+dKTO7eftLg4d0A==

node-addon-api@^4.2.0:
  version "4.3.0"
  resolved "https://registry.yarnpkg.com/node-addon-api/-/node-addon-api-4.3.0.tgz#52a1a0b475193e0928e98e0426a0d1254782b77f"
  integrity sha512-73sE9+3UaLYYFmDsFZnqCInzPyh3MqIwZO9cw58yIqAZhONrrabrYyYe3TuIqtIiOuTXVhsGau8hcrhhwSsDIQ==

node-fetch@2.6.7:
  version "2.6.7"
  resolved "https://registry.yarnpkg.com/node-fetch/-/node-fetch-2.6.7.tgz#24de9fba827e3b4ae44dc8b20256a379160052ad"
  integrity sha512-ZjMPFEfVx5j+y2yF35Kzx5sF7kDzxuDj6ziH4FFbOp87zKDZNx8yExJIb05OGF4Nlt9IHFIMBkRl41VdvcNdbQ==
  dependencies:
    whatwg-url "^5.0.0"

node-gyp-build@^4.3.0:
  version "4.5.0"
  resolved "https://registry.yarnpkg.com/node-gyp-build/-/node-gyp-build-4.5.0.tgz#7a64eefa0b21112f89f58379da128ac177f20e40"
  integrity sha512-2iGbaQBV+ITgCz76ZEjmhUKAKVf7xfY1sRl4UiKQspfZMH2h06SyhNsnSVy50cwkFQDGLyif6m/6uFXHkOZ6rg==

node-hid@^2.1.2:
  version "2.1.2"
  resolved "https://registry.yarnpkg.com/node-hid/-/node-hid-2.1.2.tgz#3145fa86ed4336a402a71e9f372c54213b88797c"
  integrity sha512-qhCyQqrPpP93F/6Wc/xUR7L8mAJW0Z6R7HMQV8jCHHksAxNDe/4z4Un/H9CpLOT+5K39OPyt9tIQlavxWES3lg==
  dependencies:
    bindings "^1.5.0"
    node-addon-api "^3.0.2"
    prebuild-install "^7.1.1"

once@^1.3.1, once@^1.4.0:
  version "1.4.0"
  resolved "https://registry.yarnpkg.com/once/-/once-1.4.0.tgz#583b1aa775961d4b113ac17d9c50baef9dd76bd1"
  integrity sha512-lNaJgI+2Q5URQBkccEKHTQOPaXdUxnZZElQTZY0MFUAuaEqe1E+Nyvgdz/aIyNi6Z9MzO5dv1H8n58/GELp3+w==
  dependencies:
    wrappy "1"

prebuild-install@^7.1.1:
  version "7.1.1"
  resolved "https://registry.yarnpkg.com/prebuild-install/-/prebuild-install-7.1.1.tgz#de97d5b34a70a0c81334fd24641f2a1702352e45"
  integrity sha512-jAXscXWMcCK8GgCoHOfIr0ODh5ai8mj63L2nWrjuAgXE6tDyYGnx4/8o/rCgU+B4JSyZBKbeZqzhtwtC3ovxjw==
  dependencies:
    detect-libc "^2.0.0"
    expand-template "^2.0.3"
    github-from-package "0.0.0"
    minimist "^1.2.3"
    mkdirp-classic "^0.5.3"
    napi-build-utils "^1.0.1"
    node-abi "^3.3.0"
    pump "^3.0.0"
    rc "^1.2.7"
    simple-get "^4.0.0"
    tar-fs "^2.0.0"
    tunnel-agent "^0.6.0"

progress@~1.1.2:
  version "1.1.8"
  resolved "https://registry.yarnpkg.com/progress/-/progress-1.1.8.tgz#e260c78f6161cdd9b0e56cc3e0a85de17c7a57be"
  integrity sha512-UdA8mJ4weIkUBO224tIarHzuHs4HuYiJvsuGT7j/SPQiUJVjYvNDBIPa0hAorduOfjGohB/qHWRa/lrrWX/mXw==

pump@^3.0.0:
  version "3.0.0"
  resolved "https://registry.yarnpkg.com/pump/-/pump-3.0.0.tgz#b4a2116815bde2f4e1ea602354e8c75565107a64"
  integrity sha512-LwZy+p3SFs1Pytd/jYct4wpv49HiYCqd9Rlc5ZVdk0V+8Yzv6jR5Blk3TRmPL1ft69TxP0IMZGJ+WPFU2BFhww==
  dependencies:
    end-of-stream "^1.1.0"
    once "^1.3.1"

rc@^1.2.7:
  version "1.2.8"
  resolved "https://registry.yarnpkg.com/rc/-/rc-1.2.8.tgz#cd924bf5200a075b83c188cd6b9e211b7fc0d3ed"
  integrity sha512-y3bGgqKj3QBdxLbLkomlohkvsA8gdAiUQlSBJnBhfn+BPxg4bc62d8TcBW15wavDfgexCgccckhcZvywyQYPOw==
  dependencies:
    deep-extend "^0.6.0"
    ini "~1.3.0"
    minimist "^1.2.0"
    strip-json-comments "~2.0.1"

readable-stream@^3.1.1, readable-stream@^3.4.0:
  version "3.6.0"
  resolved "https://registry.yarnpkg.com/readable-stream/-/readable-stream-3.6.0.tgz#337bbda3adc0706bd3e024426a286d4b4b2c9198"
  integrity sha512-BViHy7LKeTz4oNnkcLJ+lVSL6vpiFeX6/d3oSH8zCW7UxP2onchk+vTGB143xuFjHS3deTgkKoXXymXqymiIdA==
  dependencies:
    inherits "^2.0.3"
    string_decoder "^1.1.1"
    util-deprecate "^1.0.1"

ripemd160-min@^0.0.6:
  version "0.0.6"
  resolved "https://registry.yarnpkg.com/ripemd160-min/-/ripemd160-min-0.0.6.tgz#a904b77658114474d02503e819dcc55853b67e62"
  integrity sha512-+GcJgQivhs6S9qvLogusiTcS9kQUfgR75whKuy5jIhuiOfQuJ8fjqxV6EGD5duH1Y/FawFUMtMhyeq3Fbnib8A==

rxjs@6:
  version "6.6.7"
  resolved "https://registry.yarnpkg.com/rxjs/-/rxjs-6.6.7.tgz#90ac018acabf491bf65044235d5863c4dab804c9"
  integrity sha512-hTdwr+7yYNIT5n4AMYp85KA6yw2Va0FLa3Rguvbpa4W3I5xynaBZo41cM3XM+4Q6fRMj3sBYIR1VAmZMXYJvRQ==
  dependencies:
    tslib "^1.9.0"

safe-buffer@^5.0.1, safe-buffer@^5.1.1, safe-buffer@~5.2.0:
  version "5.2.1"
  resolved "https://registry.yarnpkg.com/safe-buffer/-/safe-buffer-5.2.1.tgz#1eaf9fa9bdb1fdd4ec75f58f9cdb4e6b7827eec6"
  integrity sha512-rp3So07KcdmmKbGvgaNxQSJr7bGVSVk5S9Eq1F+ppbRo70+YeaDxkw5Dd8NPN+GD6bjnYm2VuPuCXmpuYvmCXQ==

schema-inspector@^2.0.2:
  version "2.0.2"
  resolved "https://registry.yarnpkg.com/schema-inspector/-/schema-inspector-2.0.2.tgz#3b902e9095f4636428a890203d469b0d404ada5b"
  integrity sha512-phq0/I55VGzl4kmq3Tp1jlY75Xtc1o7wfGmOEFTgGyucI6zIdEsiM7MJu9jjQf2SfMreqSbTi/ktUsEMs6pV7A==
  dependencies:
    async "~2.6.3"

semver@^7.3.5:
  version "7.3.8"
  resolved "https://registry.yarnpkg.com/semver/-/semver-7.3.8.tgz#07a78feafb3f7b32347d725e33de7e2a2df67798"
  integrity sha512-NB1ctGL5rlHrPJtFDVIVzTyQylMLu9N9VICA6HSFJo8MCGVTMW6gfpicwKmmK/dAjTOrqu5l63JJOpDSrAis3A==
  dependencies:
    lru-cache "^6.0.0"

simple-concat@^1.0.0:
  version "1.0.1"
  resolved "https://registry.yarnpkg.com/simple-concat/-/simple-concat-1.0.1.tgz#f46976082ba35c2263f1c8ab5edfe26c41c9552f"
  integrity sha512-cSFtAPtRhljv69IK0hTVZQ+OfE9nePi/rtJmw5UjHeVyVroEqJXP1sFztKUy1qU+xvz3u/sfYJLa947b7nAN2Q==

simple-get@^4.0.0:
  version "4.0.1"
  resolved "https://registry.yarnpkg.com/simple-get/-/simple-get-4.0.1.tgz#4a39db549287c979d352112fa03fd99fd6bc3543"
  integrity sha512-brv7p5WgH0jmQJr1ZDDfKDOSeWWg+OVypG99A/5vYGPqJ6pxiaHLy8nxtFjBA7oMa01ebA9gfh1uMCFqOuXxvA==
  dependencies:
    decompress-response "^6.0.0"
    once "^1.3.1"
    simple-concat "^1.0.0"

string_decoder@^1.1.1:
  version "1.3.0"
  resolved "https://registry.yarnpkg.com/string_decoder/-/string_decoder-1.3.0.tgz#42f114594a46cf1a8e30b0a84f56c78c3edac21e"
  integrity sha512-hkRX8U1WjJFd8LsDJ2yQ/wWWxaopEsABU1XfkM8A+j0+85JAGppt16cr1Whg6KIbb4okU6Mql6BOj+uup/wKeA==
  dependencies:
    safe-buffer "~5.2.0"

strip-json-comments@~2.0.1:
  version "2.0.1"
  resolved "https://registry.yarnpkg.com/strip-json-comments/-/strip-json-comments-2.0.1.tgz#3c531942e908c2697c0ec344858c286c7ca0a60a"
  integrity sha512-4gB8na07fecVVkOI6Rs4e7T6NOTki5EmL7TUduTs6bu3EdnSycntVJ4re8kgZA+wx9IueI2Y11bfbgwtzuE0KQ==

tar-fs@^2.0.0:
  version "2.1.1"
  resolved "https://registry.yarnpkg.com/tar-fs/-/tar-fs-2.1.1.tgz#489a15ab85f1f0befabb370b7de4f9eb5cbe8784"
  integrity sha512-V0r2Y9scmbDRLCNex/+hYzvp/zyYjvFbHPNgVTKfQvVrb6guiE/fxP+XblDNR011utopbkex2nM4dHNV6GDsng==
  dependencies:
    chownr "^1.1.1"
    mkdirp-classic "^0.5.2"
    pump "^3.0.0"
    tar-stream "^2.1.4"

tar-stream@^2.1.4:
  version "2.2.0"
  resolved "https://registry.yarnpkg.com/tar-stream/-/tar-stream-2.2.0.tgz#acad84c284136b060dc3faa64474aa9aebd77287"
  integrity sha512-ujeqbceABgwMZxEJnk2HDY2DlnUZ+9oEcb1KzTVfYHio0UE6dG71n60d8D2I4qNvleWrrXpmjpt7vZeF1LnMZQ==
  dependencies:
    bl "^4.0.3"
    end-of-stream "^1.4.1"
    fs-constants "^1.0.0"
    inherits "^2.0.3"
    readable-stream "^3.1.1"

tr46@~0.0.3:
  version "0.0.3"
  resolved "https://registry.yarnpkg.com/tr46/-/tr46-0.0.3.tgz#8184fd347dac9cdc185992f3a6622e14b9d9ab6a"
  integrity sha512-N3WMsuqV66lT30CrXNbEjx4GEwlow3v6rr4mCcv6prnfwhS01rkgyFdjPNBYd9br7LpXV1+Emh01fHnq2Gdgrw==

triplesec@^4.0.3:
  version "4.0.3"
  resolved "https://registry.yarnpkg.com/triplesec/-/triplesec-4.0.3.tgz#fce5b89821b24d3a03bd09a15a4baecbd6a9b7a4"
  integrity sha512-fug70e1nJoCMxsXQJlETisAALohm84vl++IiTTHEqM7Lgqwz62jrlwqOC/gJEAJjO/ByN127sEcioB56HW3wIw==
  dependencies:
    iced-error ">=0.0.9"
    iced-lock "^1.0.1"
    iced-runtime "^1.0.2"
    more-entropy ">=0.0.7"
    progress "~1.1.2"
    uglify-js "^3.1.9"

tslib@^1.9.0:
  version "1.14.1"
  resolved "https://registry.yarnpkg.com/tslib/-/tslib-1.14.1.tgz#cf2d38bdc34a134bcaf1091c41f6619e2f672d00"
  integrity sha512-Xni35NKzjgMrwevysHTCArtLDpPvye8zV/0E4EyYn43P7/7qvQwPh9BGkHewbMulVntbigmcT7rdX3BNo9wRJg==

tunnel-agent@^0.6.0:
  version "0.6.0"
  resolved "https://registry.yarnpkg.com/tunnel-agent/-/tunnel-agent-0.6.0.tgz#27a5dea06b36b04a0a9966774b290868f0fc40fd"
  integrity sha512-McnNiV1l8RYeY8tBgEpuodCC1mLUdbSN+CYBL7kJsJNInOP8UjDDEwdk6Mw60vdLLrr5NHKZhMAOSrR2NZuQ+w==
  dependencies:
    safe-buffer "^5.0.1"

uglify-js@^3.1.9:
  version "3.17.4"
  resolved "https://registry.yarnpkg.com/uglify-js/-/uglify-js-3.17.4.tgz#61678cf5fa3f5b7eb789bb345df29afb8257c22c"
  integrity sha512-T9q82TJI9e/C1TAxYvfb16xO120tMVFZrGA3f9/P4424DNu6ypK103y0GPFVa17yotwSyZW5iYXgjYHkGrJW/g==

usb@^1.7.0:
  version "1.9.2"
  resolved "https://registry.yarnpkg.com/usb/-/usb-1.9.2.tgz#fb6b36f744ecc707a196c45a6ec72442cb6f2b73"
  integrity sha512-dryNz030LWBPAf6gj8vyq0Iev3vPbCLHCT8dBw3gQRXRzVNsIdeuU+VjPp3ksmSPkeMAl1k+kQ14Ij0QHyeiAg==
  dependencies:
    node-addon-api "^4.2.0"
    node-gyp-build "^4.3.0"

util-deprecate@^1.0.1:
  version "1.0.2"
  resolved "https://registry.yarnpkg.com/util-deprecate/-/util-deprecate-1.0.2.tgz#450d4dc9fa70de732762fbd2d4a28981419a0ccf"
  integrity sha512-EPD5q1uXyFxJpCrLnCc1nHnq3gOa6DZBocAIiI2TaSCA7VCJ1UJDMagCzIkXNsUYfD1daK//LTEQ8xiIbrHtcw==

varuint-bitcoin@^1.1.2:
  version "1.1.2"
  resolved "https://registry.yarnpkg.com/varuint-bitcoin/-/varuint-bitcoin-1.1.2.tgz#e76c138249d06138b480d4c5b40ef53693e24e92"
  integrity sha512-4EVb+w4rx+YfVM32HQX42AbbT7/1f5zwAYhIujKXKk8NQK+JfRVl3pqT3hjNn/L+RstigmGGKVwHA/P0wgITZw==
  dependencies:
    safe-buffer "^5.1.1"

webidl-conversions@^3.0.0:
  version "3.0.1"
  resolved "https://registry.yarnpkg.com/webidl-conversions/-/webidl-conversions-3.0.1.tgz#24534275e2a7bc6be7bc86611cc16ae0a5654871"
  integrity sha512-2JAn3z8AR6rjK8Sm8orRC0h/bcl/DqL7tRPdGZ4I1CjdF+EaMLmYxBHyXuKL849eucPFhvBoxMsflfOb8kxaeQ==

whatwg-url@^5.0.0:
  version "5.0.0"
  resolved "https://registry.yarnpkg.com/whatwg-url/-/whatwg-url-5.0.0.tgz#966454e8765462e37644d3626f6742ce8b70965d"
  integrity sha512-saE57nupxk6v3HY35+jzBwYa0rKSy0XR8JSxZPwgLr7ys0IBzhGviA1/TUGJLmSVqs8pb9AnvICXEuOHLprYTw==
  dependencies:
    tr46 "~0.0.3"
    webidl-conversions "^3.0.0"

wrappy@1:
  version "1.0.2"
  resolved "https://registry.yarnpkg.com/wrappy/-/wrappy-1.0.2.tgz#b5243d8f3ec1aa35f1364605bc0d1036e30ab69f"
  integrity sha512-l4Sp/DRseor9wL6EvV2+TuQn63dMkPjZ/sp9XkghTEbV9KlPS1xUsZ3u7/IQO4wxtcFB4bgpQPRcR3QCvezPcQ==

yallist@^4.0.0:
  version "4.0.0"
  resolved "https://registry.yarnpkg.com/yallist/-/yallist-4.0.0.tgz#9bb92790d9c0effec63be73519e11a35019a3a72"
  integrity sha512-3wdGidZyq5PB084XLES5TpOSRA3wjXAlIWMhum2kRcv/41Sn2emQ0dycQW4uZXLejwKvg6EsvbdlVL+FYEct7A==

zone-file@^2.0.0-beta.3:
  version "2.0.0-beta.3"
  resolved "https://registry.yarnpkg.com/zone-file/-/zone-file-2.0.0-beta.3.tgz#fad3eb8c624ad8ae746b4547e9947804283048a1"
  integrity sha512-6tE3PSRcpN5lbTTLlkLez40WkNPc9vw/u1J2j6DBiy0jcVX48nCkWrx2EC+bWHqC2SLp069Xw4AdnYn/qp/W5g==
